
Microsoft Visual Studio Solution File, Format Version 12.00
# Visual Studio Version 17
VisualStudioVersion = 17.8.34330.188
MinimumVisualStudioVersion = 10.0.40219.1
Project("{FAE04EC0-301F-11D3-BF4B-00C04F79EFBC}") = "ZinxClient", "ZinxClient.csproj", "{50729579-30A5-48E4-92B6-5C2489E5DCD7}"
EndProject
Global
	GlobalSection(SolutionConfigurationPlatforms) = preSolution
		Debug|Any CPU = Debug|Any CPU
		Release|Any CPU = Release|Any CPU
	EndGlobalSection
	GlobalSection(ProjectConfigurationPlatforms) = postSolution
		{50729579-30A5-48E4-92B6-5C2489E5DCD7}.Debug|Any CPU.ActiveCfg = Debug|Any CPU
		{50729579-30A5-48E4-92B6-5C2489E5DCD7}.Debug|Any CPU.Build.0 = Debug|Any CPU
		{50729579-30A5-48E4-92B6-5C2489E5DCD7}.Release|Any CPU.ActiveCfg = Release|Any CPU
		{50729579-30A5-48E4-92B6-5C2489E5DCD7}.Release|Any CPU.Build.0 = Release|Any CPU
	EndGlobalSection
	GlobalSection(SolutionProperties) = preSolution
		HideSolutionNode = FALSE
	EndGlobalSection
	GlobalSection(ExtensibilityGlobals) = postSolution
		SolutionGuid = {76ABE216-5EC2-4203-9DF6-A4529AF23C29}
	EndGlobalSection
EndGlobal
